Microsoft Visual Studio Solution File, Format Version 12.00
# Visual Studio Version 17
VisualStudioVersion = 17.5.2.0
MinimumVisualStudioVersion = 10.0.40219.1
Project("{FAE04EC0-301F-11D3-BF4B-00C04F79EFBC}") = "unit3d-description-clone", "unit3d-description-clone.csproj", "{BFBEFFB2-2EE6-D622-EAB9-50C58BFD3A52}"
EndProject
Global
	GlobalSection(SolutionConfigurationPlatforms) = preSolution
		Debug|Any CPU = Debug|Any CPU
		Release|Any CPU = Release|Any CPU
	EndGlobalSection
	GlobalSection(ProjectConfigurationPlatforms) = postSolution
		{BFBEFFB2-2EE6-D622-EAB9-50C58BFD3A52}.Debug|Any CPU.ActiveCfg = Debug|Any CPU
		{BFBEFFB2-2EE6-D622-EAB9-50C58BFD3A52}.Debug|Any CPU.Build.0 = Debug|Any CPU
		{BFBEFFB2-2EE6-D622-EAB9-50C58BFD3A52}.Release|Any CPU.ActiveCfg = Release|Any CPU
		{BFBEFFB2-2EE6-D622-EAB9-50C58BFD3A52}.Release|Any CPU.Build.0 = Release|Any CPU
	EndGlobalSection
	GlobalSection(SolutionProperties) = preSolution
		HideSolutionNode = FALSE
	EndGlobalSection
	GlobalSection(ExtensibilityGlobals) = postSolution
		SolutionGuid = {037BD31C-9A60-4851-A9CB-2912B4674817}
	EndGlobalSection
EndGlobal
